
Microsoft Visual Studio Solution File, Format Version 12.00
# Visual Studio Version 17
VisualStudioVersion = 17.0.31903.59
MinimumVisualStudioVersion = 10.0.40219.1
Project("{2150E333-8FDC-42A3-9474-1A3956D46DE8}") = "src", "src", "{827E0CD3-B72D-47B6-A68D-7590B98EB39B}"
EndProject
Project("{FAE04EC0-301F-11D3-BF4B-00C04F79EFBC}") = "LakeIO", "src\LakeIO\LakeIO.csproj", "{87CB2810-4378-401A-A7C9-A04DEDEF4314}"
EndProject
Project("{2150E333-8FDC-42A3-9474-1A3956D46DE8}") = "samples", "samples", "{FF80B3F6-D3CC-4FF5-8A54-A3DB530EC57E}"
EndProject
Project("{FAE04EC0-301F-11D3-BF4B-00C04F79EFBC}") = "LakeIO.Sample", "samples\LakeIO.Sample\LakeIO.Sample.csproj", "{B2C7857D-B851-483E-9D1B-C2DD2155F02D}"
EndProject
Project("{FAE04EC0-301F-11D3-BF4B-00C04F79EFBC}") = "LakeIO.Core", "src\LakeIO.Core\LakeIO.Core.csproj", "{C0583FA6-A82A-42C2-B754-B45F777FFF1F}"
EndProject
Project("{FAE04EC0-301F-11D3-BF4B-00C04F79EFBC}") = "LakeIO.Parquet", "src\LakeIO.Parquet\LakeIO.Parquet.csproj", "{9B9DE048-3D3D-4CFD-974F-859037921BAC}"
EndProject
Project("{FAE04EC0-301F-11D3-BF4B-00C04F79EFBC}") = "LakeIO.Telemetry", "src\LakeIO.Telemetry\LakeIO.Telemetry.csproj", "{284A2F50-EE8F-4EB1-8DED-DA9EDF38E7A9}"
EndProject
Project("{FAE04EC0-301F-11D3-BF4B-00C04F79EFBC}") = "LakeIO.DependencyInjection", "src\LakeIO.DependencyInjection\LakeIO.DependencyInjection.csproj", "{8DA0F83B-2102-4A01-A9FD-2F5EB0AFFE52}"
EndProject
Project("{2150E333-8FDC-42A3-9474-1A3956D46DE8}") = "tests", "tests", "{0AB3BF05-4346-4AA6-1389-037BE0695223}"
EndProject
Project("{FAE04EC0-301F-11D3-BF4B-00C04F79EFBC}") = "LakeIO.Core.Tests", "tests\LakeIO.Core.Tests\LakeIO.Core.Tests.csproj", "{A33DA17A-03BF-4A01-B706-9DF9B6B2D109}"
EndProject
Project("{FAE04EC0-301F-11D3-BF4B-00C04F79EFBC}") = "LakeIO.Parquet.Tests", "tests\LakeIO.Parquet.Tests\LakeIO.Parquet.Tests.csproj", "{3E82AAAF-CA24-4E31-81F2-8FD529403B6B}"
EndProject
Project("{FAE04EC0-301F-11D3-BF4B-00C04F79EFBC}") = "LakeIO.Integration.Tests", "tests\LakeIO.Integration.Tests\LakeIO.Integration.Tests.csproj", "{D094D770-0849-4B86-99C5-FA8F8DFEC810}"
EndProject
Global
	GlobalSection(SolutionConfigurationPlatforms) = preSolution
		Debug|Any CPU = Debug|Any CPU
		Debug|x64 = Debug|x64
		Debug|x86 = Debug|x86
		Release|Any CPU = Release|Any CPU
		Release|x64 = Release|x64
		Release|x86 = Release|x86
	EndGlobalSection
	GlobalSection(ProjectConfigurationPlatforms) = postSolution
		{87CB2810-4378-401A-A7C9-A04DEDEF4314}.Debug|Any CPU.ActiveCfg = Debug|Any CPU
		{87CB2810-4378-401A-A7C9-A04DEDEF4314}.Debug|Any CPU.Build.0 = Debug|Any CPU
		{87CB2810-4378-401A-A7C9-A04DEDEF4314}.Debug|x64.ActiveCfg = Debug|Any CPU
		{87CB2810-4378-401A-A7C9-A04DEDEF4314}.Debug|x64.Build.0 = Debug|Any CPU
		{87CB2810-4378-401A-A7C9-A04DEDEF4314}.Debug|x86.ActiveCfg = Debug|Any CPU
		{87CB2810-4378-401A-A7C9-A04DEDEF4314}.Debug|x86.Build.0 = Debug|Any CPU
		{87CB2810-4378-401A-A7C9-A04DEDEF4314}.Release|Any CPU.ActiveCfg = Release|Any CPU
		{87CB2810-4378-401A-A7C9-A04DEDEF4314}.Release|Any CPU.Build.0 = Release|Any CPU
		{87CB2810-4378-401A-A7C9-A04DEDEF4314}.Release|x64.ActiveCfg = Release|Any CPU
		{87CB2810-4378-401A-A7C9-A04DEDEF4314}.Release|x64.Build.0 = Release|Any CPU
		{87CB2810-4378-401A-A7C9-A04DEDEF4314}.Release|x86.ActiveCfg = Release|Any CPU
		{87CB2810-4378-401A-A7C9-A04DEDEF4314}.Release|x86.Build.0 = Release|Any CPU
		{B2C7857D-B851-483E-9D1B-C2DD2155F02D}.Debug|Any CPU.ActiveCfg = Debug|Any CPU
		{B2C7857D-B851-483E-9D1B-C2DD2155F02D}.Debug|Any CPU.Build.0 = Debug|Any CPU
		{B2C7857D-B851-483E-9D1B-C2DD2155F02D}.Debug|x64.ActiveCfg = Debug|Any CPU
		{B2C7857D-B851-483E-9D1B-C2DD2155F02D}.Debug|x64.Build.0 = Debug|Any CPU
		{B2C7857D-B851-483E-9D1B-C2DD2155F02D}.Debug|x86.ActiveCfg = Debug|Any CPU
		{B2C7857D-B851-483E-9D1B-C2DD2155F02D}.Debug|x86.Build.0 = Debug|Any CPU
		{B2C7857D-B851-483E-9D1B-C2DD2155F02D}.Release|Any CPU.ActiveCfg = Release|Any CPU
		{B2C7857D-B851-483E-9D1B-C2DD2155F02D}.Release|Any CPU.Build.0 = Release|Any CPU
		{B2C7857D-B851-483E-9D1B-C2DD2155F02D}.Release|x64.ActiveCfg = Release|Any CPU
		{B2C7857D-B851-483E-9D1B-C2DD2155F02D}.Release|x64.Build.0 = Release|Any CPU
		{B2C7857D-B851-483E-9D1B-C2DD2155F02D}.Release|x86.ActiveCfg = Release|Any CPU
		{B2C7857D-B851-483E-9D1B-C2DD2155F02D}.Release|x86.Build.0 = Release|Any CPU
		{C0583FA6-A82A-42C2-B754-B45F777FFF1F}.Debug|Any CPU.ActiveCfg = Debug|Any CPU
		{C0583FA6-A82A-42C2-B754-B45F777FFF1F}.Debug|Any CPU.Build.0 = Debug|Any CPU
		{C0583FA6-A82A-42C2-B754-B45F777FFF1F}.Debug|x64.ActiveCfg = Debug|Any CPU
		{C0583FA6-A82A-42C2-B754-B45F777FFF1F}.Debug|x64.Build.0 = Debug|Any CPU
		{C0583FA6-A82A-42C2-B754-B45F777FFF1F}.Debug|x86.ActiveCfg = Debug|Any CPU
		{C0583FA6-A82A-42C2-B754-B45F777FFF1F}.Debug|x86.Build.0 = Debug|Any CPU
		{C0583FA6-A82A-42C2-B754-B45F777FFF1F}.Release|Any CPU.ActiveCfg = Release|Any CPU
		{C0583FA6-A82A-42C2-B754-B45F777FFF1F}.Release|Any CPU.Build.0 = Release|Any CPU
		{C0583FA6-A82A-42C2-B754-B45F777FFF1F}.Release|x64.ActiveCfg = Release|Any CPU
		{C0583FA6-A82A-42C2-B754-B45F777FFF1F}.Release|x64.Build.0 = Release|Any CPU
		{C0583FA6-A82A-42C2-B754-B45F777FFF1F}.Release|x86.ActiveCfg = Release|Any CPU
		{C0583FA6-A82A-42C2-B754-B45F777FFF1F}.Release|x86.Build.0 = Release|Any CPU
		{9B9DE048-3D3D-4CFD-974F-859037921BAC}.Debug|Any CPU.ActiveCfg = Debug|Any CPU
		{9B9DE048-3D3D-4CFD-974F-859037921BAC}.Debug|Any CPU.Build.0 = Debug|Any CPU
		{9B9DE048-3D3D-4CFD-974F-859037921BAC}.Debug|x64.ActiveCfg = Debug|Any CPU
		{9B9DE048-3D3D-4CFD-974F-859037921BAC}.Debug|x64.Build.0 = Debug|Any CPU
		{9B9DE048-3D3D-4CFD-974F-859037921BAC}.Debug|x86.ActiveCfg = Debug|Any CPU
		{9B9DE048-3D3D-4CFD-974F-859037921BAC}.Debug|x86.Build.0 = Debug|Any CPU
		{9B9DE048-3D3D-4CFD-974F-859037921BAC}.Release|Any CPU.ActiveCfg = Release|Any CPU
		{9B9DE048-3D3D-4CFD-974F-859037921BAC}.Release|Any CPU.Build.0 = Release|Any CPU
		{9B9DE048-3D3D-4CFD-974F-859037921BAC}.Release|x64.ActiveCfg = Release|Any CPU
		{9B9DE048-3D3D-4CFD-974F-859037921BAC}.Release|x64.Build.0 = Release|Any CPU
		{9B9DE048-3D3D-4CFD-974F-859037921BAC}.Release|x86.ActiveCfg = Release|Any CPU
		{9B9DE048-3D3D-4CFD-974F-859037921BAC}.Release|x86.Build.0 = Release|Any CPU
		{284A2F50-EE8F-4EB1-8DED-DA9EDF38E7A9}.Debug|Any CPU.ActiveCfg = Debug|Any CPU
		{284A2F50-EE8F-4EB1-8DED-DA9EDF38E7A9}.Debug|Any CPU.Build.0 = Debug|Any CPU
		{284A2F50-EE8F-4EB1-8DED-DA9EDF38E7A9}.Debug|x64.ActiveCfg = Debug|Any CPU
		{284A2F50-EE8F-4EB1-8DED-DA9EDF38E7A9}.Debug|x64.Build.0 = Debug|Any CPU
		{284A2F50-EE8F-4EB1-8DED-DA9EDF38E7A9}.Debug|x86.ActiveCfg = Debug|Any CPU
		{284A2F50-EE8F-4EB1-8DED-DA9EDF38E7A9}.Debug|x86.Build.0 = Debug|Any CPU
		{284A2F50-EE8F-4EB1-8DED-DA9EDF38E7A9}.Release|Any CPU.ActiveCfg = Release|Any CPU
		{284A2F50-EE8F-4EB1-8DED-DA9EDF38E7A9}.Release|Any CPU.Build.0 = Release|Any CPU
		{284A2F50-EE8F-4EB1-8DED-DA9EDF38E7A9}.Release|x64.ActiveCfg = Release|Any CPU
		{284A2F50-EE8F-4EB1-8DED-DA9EDF38E7A9}.Release|x64.Build.0 = Release|Any CPU
		{284A2F50-EE8F-4EB1-8DED-DA9EDF38E7A9}.Release|x86.ActiveCfg = Release|Any CPU
		{284A2F50-EE8F-4EB1-8DED-DA9EDF38E7A9}.Release|x86.Build.0 = Release|Any CPU
		{8DA0F83B-2102-4A01-A9FD-2F5EB0AFFE52}.Debug|Any CPU.ActiveCfg = Debug|Any CPU
		{8DA0F83B-2102-4A01-A9FD-2F5EB0AFFE52}.Debug|Any CPU.Build.0 = Debug|Any CPU
		{8DA0F83B-2102-4A01-A9FD-2F5EB0AFFE52}.Debug|x64.ActiveCfg = Debug|Any CPU
		{8DA0F83B-2102-4A01-A9FD-2F5EB0AFFE52}.Debug|x64.Build.0 = Debug|Any CPU
		{8DA0F83B-2102-4A01-A9FD-2F5EB0AFFE52}.Debug|x86.ActiveCfg = Debug|Any CPU
		{8DA0F83B-2102-4A01-A9FD-2F5EB0AFFE52}.Debug|x86.Build.0 = Debug|Any CPU
		{8DA0F83B-2102-4A01-A9FD-2F5EB0AFFE52}.Release|Any CPU.ActiveCfg = Release|Any CPU
		{8DA0F83B-2102-4A01-A9FD-2F5EB0AFFE52}.Release|Any CPU.Build.0 = Release|Any CPU
		{8DA0F83B-2102-4A01-A9FD-2F5EB0AFFE52}.Release|x64.ActiveCfg = Release|Any CPU
		{8DA0F83B-2102-4A01-A9FD-2F5EB0AFFE52}.Release|x64.Build.0 = Release|Any CPU
		{8DA0F83B-2102-4A01-A9FD-2F5EB0AFFE52}.Release|x86.ActiveCfg = Release|Any CPU
		{8DA0F83B-2102-4A01-A9FD-2F5EB0AFFE52}.Release|x86.Build.0 = Release|Any CPU
		{A33DA17A-03BF-4A01-B706-9DF9B6B2D109}.Debug|Any CPU.ActiveCfg = Debug|Any CPU
		{A33DA17A-03BF-4A01-B706-9DF9B6B2D109}.Debug|Any CPU.Build.0 = Debug|Any CPU
		{A33DA17A-03BF-4A01-B706-9DF9B6B2D109}.Debug|x64.ActiveCfg = Debug|Any CPU
		{A33DA17A-03BF-4A01-B706-9DF9B6B2D109}.Debug|x64.Build.0 = Debug|Any CPU
		{A33DA17A-03BF-4A01-B706-9DF9B6B2D109}.Debug|x86.ActiveCfg = Debug|Any CPU
		{A33DA17A-03BF-4A01-B706-9DF9B6B2D109}.Debug|x86.Build.0 = Debug|Any CPU
		{A33DA17A-03BF-4A01-B706-9DF9B6B2D109}.Release|Any CPU.ActiveCfg = Release|Any CPU
		{A33DA17A-03BF-4A01-B706-9DF9B6B2D109}.Release|Any CPU.Build.0 = Release|Any CPU
		{A33DA17A-03BF-4A01-B706-9DF9B6B2D109}.Release|x64.ActiveCfg = Release|Any CPU
		{A33DA17A-03BF-4A01-B706-9DF9B6B2D109}.Release|x64.Build.0 = Release|Any CPU
		{A33DA17A-03BF-4A01-B706-9DF9B6B2D109}.Release|x86.ActiveCfg = Release|Any CPU
		{A33DA17A-03BF-4A01-B706-9DF9B6B2D109}.Release|x86.Build.0 = Release|Any CPU
		{3E82AAAF-CA24-4E31-81F2-8FD529403B6B}.Debug|Any CPU.ActiveCfg = Debug|Any CPU
		{3E82AAAF-CA24-4E31-81F2-8FD529403B6B}.Debug|Any CPU.Build.0 = Debug|Any CPU
		{3E82AAAF-CA24-4E31-81F2-8FD529403B6B}.Debug|x64.ActiveCfg = Debug|Any CPU
		{3E82AAAF-CA24-4E31-81F2-8FD529403B6B}.Debug|x64.Build.0 = Debug|Any CPU
		{3E82AAAF-CA24-4E31-81F2-8FD529403B6B}.Debug|x86.ActiveCfg = Debug|Any CPU
		{3E82AAAF-CA24-4E31-81F2-8FD529403B6B}.Debug|x86.Build.0 = Debug|Any CPU
		{3E82AAAF-CA24-4E31-81F2-8FD529403B6B}.Release|Any CPU.ActiveCfg = Release|Any CPU
		{3E82AAAF-CA24-4E31-81F2-8FD529403B6B}.Release|Any CPU.Build.0 = Release|Any CPU
		{3E82AAAF-CA24-4E31-81F2-8FD529403B6B}.Release|x64.ActiveCfg = Release|Any CPU
		{3E82AAAF-CA24-4E31-81F2-8FD529403B6B}.Release|x64.Build.0 = Release|Any CPU
		{3E82AAAF-CA24-4E31-81F2-8FD529403B6B}.Release|x86.ActiveCfg = Release|Any CPU
		{3E82AAAF-CA24-4E31-81F2-8FD529403B6B}.Release|x86.Build.0 = Release|Any CPU
		{D094D770-0849-4B86-99C5-FA8F8DFEC810}.Debug|Any CPU.ActiveCfg = Debug|Any CPU
		{D094D770-0849-4B86-99C5-FA8F8DFEC810}.Debug|Any CPU.Build.0 = Debug|Any CPU
		{D094D770-0849-4B86-99C5-FA8F8DFEC810}.Debug|x64.ActiveCfg = Debug|Any CPU
		{D094D770-0849-4B86-99C5-FA8F8DFEC810}.Debug|x64.Build.0 = Debug|Any CPU
		{D094D770-0849-4B86-99C5-FA8F8DFEC810}.Debug|x86.ActiveCfg = Debug|Any CPU
		{D094D770-0849-4B86-99C5-FA8F8DFEC810}.Debug|x86.Build.0 = Debug|Any CPU
		{D094D770-0849-4B86-99C5-FA8F8DFEC810}.Release|Any CPU.ActiveCfg = Release|Any CPU
		{D094D770-0849-4B86-99C5-FA8F8DFEC810}.Release|Any CPU.Build.0 = Release|Any CPU
		{D094D770-0849-4B86-99C5-FA8F8DFEC810}.Release|x64.ActiveCfg = Release|Any CPU
		{D094D770-0849-4B86-99C5-FA8F8DFEC810}.Release|x64.Build.0 = Release|Any CPU
		{D094D770-0849-4B86-99C5-FA8F8DFEC810}.Release|x86.ActiveCfg = Release|Any CPU
		{D094D770-0849-4B86-99C5-FA8F8DFEC810}.Release|x86.Build.0 = Release|Any CPU
	EndGlobalSection
	GlobalSection(SolutionProperties) = preSolution
		HideSolutionNode = FALSE
	EndGlobalSection
	GlobalSection(NestedProjects) = preSolution
		{87CB2810-4378-401A-A7C9-A04DEDEF4314} = {827E0CD3-B72D-47B6-A68D-7590B98EB39B}
		{B2C7857D-B851-483E-9D1B-C2DD2155F02D} = {FF80B3F6-D3CC-4FF5-8A54-A3DB530EC57E}
		{C0583FA6-A82A-42C2-B754-B45F777FFF1F} = {827E0CD3-B72D-47B6-A68D-7590B98EB39B}
		{9B9DE048-3D3D-4CFD-974F-859037921BAC} = {827E0CD3-B72D-47B6-A68D-7590B98EB39B}
		{284A2F50-EE8F-4EB1-8DED-DA9EDF38E7A9} = {827E0CD3-B72D-47B6-A68D-7590B98EB39B}
		{8DA0F83B-2102-4A01-A9FD-2F5EB0AFFE52} = {827E0CD3-B72D-47B6-A68D-7590B98EB39B}
		{A33DA17A-03BF-4A01-B706-9DF9B6B2D109} = {0AB3BF05-4346-4AA6-1389-037BE0695223}
		{3E82AAAF-CA24-4E31-81F2-8FD529403B6B} = {0AB3BF05-4346-4AA6-1389-037BE0695223}
		{D094D770-0849-4B86-99C5-FA8F8DFEC810} = {0AB3BF05-4346-4AA6-1389-037BE0695223}
	EndGlobalSection
EndGlobal
